
Microsoft Visual Studio Solution File, Format Version 12.00
# Visual Studio Version 17
VisualStudioVersion = 17.3.32929.385
MinimumVisualStudioVersion = 10.0.40219.1
Project("{FAE04EC0-301F-11D3-BF4B-00C04F79EFBC}") = "eindproject", "eindproject.csproj", "{4CAC13FF-CFF7-4F32-BE71-4888A784804D}"
EndProject
Global
	GlobalSection(SolutionConfigurationPlatforms) = preSolution
		Debug|Any CPU = Debug|Any CPU
		Release|Any CPU = Release|Any CPU
	EndGlobalSection
	GlobalSection(ProjectConfigurationPlatforms) = postSolution
		{4CAC13FF-CFF7-4F32-BE71-4888A784804D}.Debug|Any CPU.ActiveCfg = Debug|Any CPU
		{4CAC13FF-CFF7-4F32-BE71-4888A784804D}.Debug|Any CPU.Build.0 = Debug|Any CPU
		{4CAC13FF-CFF7-4F32-BE71-4888A784804D}.Release|Any CPU.ActiveCfg = Release|Any CPU
		{4CAC13FF-CFF7-4F32-BE71-4888A784804D}.Release|Any CPU.Build.0 = Release|Any CPU
	EndGlobalSection
	GlobalSection(SolutionProperties) = preSolution
		HideSolutionNode = FALSE
	EndGlobalSection
	GlobalSection(ExtensibilityGlobals) = postSolution
		SolutionGuid = {1D4A0EF2-2824-4DB2-ACA2-5AE5DBECEA7C}
	EndGlobalSection
EndGlobal
